// !$*UTF8*$!
{
	archiveVersion = 1;
	classes = {
	};
	objectVersion = 56;
	objects = {

/* Begin PBXBuildFile section */
		3868C1222AE517CD00E832B0 /* AppleSignIn_TestsApp.swift in Sources */ = {isa = PBXBuildFile; fileRef = 3868C1212AE517CD00E832B0 /* AppleSignIn_TestsApp.swift */; };
		3868C1242AE517CD00E832B0 /* ContentView.swift in Sources */ = {isa = PBXBuildFile; fileRef = 3868C1232AE517CD00E832B0 /* ContentView.swift */; };
		3868C1262AE517CE00E832B0 /* Assets.xcassets in Resources */ = {isa = PBXBuildFile; fileRef = 3868C1252AE517CE00E832B0 /* Assets.xcassets */; };
		3868C1292AE517CE00E832B0 /* Preview Assets.xcassets in Resources */ = {isa = PBXBuildFile; fileRef = 3868C1282AE517CE00E832B0 /* Preview Assets.xcassets */; };
		3868C1332AE517CE00E832B0 /* AppleSignIn_TestsTests.swift in Sources */ = {isa = PBXBuildFile; fileRef = 3868C1322AE517CE00E832B0 /* AppleSignIn_TestsTests.swift */; };
		3868C13D2AE517CE00E832B0 /* AppleSignIn_TestsUITests.swift in Sources */ = {isa = PBXBuildFile; fileRef = 3868C13C2AE517CE00E832B0 /* AppleSignIn_TestsUITests.swift */; };
		3868C13F2AE517CE00E832B0 /* AppleSignIn_TestsUITestsLaunchTests.swift in Sources */ = {isa = PBXBuildFile; fileRef = 3868C13E2AE517CE00E832B0 /* AppleSignIn_TestsUITestsLaunchTests.swift */; };
		3868C14D2AE51D0600E832B0 /* SignInScreenView.swift in Sources */ = {isa = PBXBuildFile; fileRef = 3868C14C2AE51D0600E832B0 /* SignInScreenView.swift */; };
		3868C14F2AE51DB200E832B0 /* AuthViewModel.swift in Sources */ = {isa = PBXBuildFile; fileRef = 3868C14E2AE51DB200E832B0 /* AuthViewModel.swift */; };
		3868C1512AE51E7B00E832B0 /* HomeScreenView.swift in Sources */ = {isa = PBXBuildFile; fileRef = 3868C1502AE51E7B00E832B0 /* HomeScreenView.swift */; };
/* End PBXBuildFile section */

/* Begin PBXContainerItemProxy section */
		3868C12F2AE517CE00E832B0 /* PBXContainerItemProxy */ = {
			isa = PBXContainerItemProxy;
			containerPortal = 3868C1162AE517CD00E832B0 /* Project object */;
			proxyType = 1;
			remoteGlobalIDString = 3868C11D2AE517CD00E832B0;
			remoteInfo = "AppleSignIn+Tests";
		};
		3868C1392AE517CE00E832B0 /* PBXContainerItemProxy */ = {
			isa = PBXContainerItemProxy;
			containerPortal = 3868C1162AE517CD00E832B0 /* Project object */;
			proxyType = 1;
			remoteGlobalIDString = 3868C11D2AE517CD00E832B0;
			remoteInfo = "AppleSignIn+Tests";
		};
/* End PBXContainerItemProxy section */

/* Begin PBXFileReference section */
		3868C11E2AE517CD00E832B0 /* AppleSignIn+Tests.app */ = {isa = PBXFileReference; explicitFileType = wrapper.application; includeInIndex = 0; path = "AppleSignIn+Tests.app"; sourceTree = BUILT_PRODUCTS_DIR; };
		3868C1212AE517CD00E832B0 /* AppleSignIn_TestsApp.swift */ = {isa = PBXFileReference; lastKnownFileType = sourcecode.swift; path = AppleSignIn_TestsApp.swift; sourceTree = "<group>"; };
		3868C1232AE517CD00E832B0 /* ContentView.swift */ = {isa = PBXFileReference; lastKnownFileType = sourcecode.swift; path = ContentView.swift; sourceTree = "<group>"; };
		3868C1252AE517CE00E832B0 /* Assets.xcassets */ = {isa = PBXFileReference; lastKnownFileType = folder.assetcatalog; path = Assets.xcassets; sourceTree = "<group>"; };
		3868C1282AE517CE00E832B0 /* Preview Assets.xcassets */ = {isa = PBXFileReference; lastKnownFileType = folder.assetcatalog; path = "Preview Assets.xcassets"; sourceTree = "<group>"; };
		3868C12E2AE517CE00E832B0 /* AppleSignIn+TestsTests.xctest */ = {isa = PBXFileReference; explicitFileType = wrapper.cfbundle; includeInIndex = 0; path = "AppleSignIn+TestsTests.xctest"; sourceTree = BUILT_PRODUCTS_DIR; };
		3868C1322AE517CE00E832B0 /* AppleSignIn_TestsTests.swift */ = {isa = PBXFileReference; lastKnownFileType = sourcecode.swift; path = AppleSignIn_TestsTests.swift; sourceTree = "<group>"; };
		3868C1382AE517CE00E832B0 /* AppleSignIn+TestsUITests.xctest */ = {isa = PBXFileReference; explicitFileType = wrapper.cfbundle; includeInIndex = 0; path = "AppleSignIn+TestsUITests.xctest"; sourceTree = BUILT_PRODUCTS_DIR; };
		3868C13C2AE517CE00E832B0 /* AppleSignIn_TestsUITests.swift */ = {isa = PBXFileReference; lastKnownFileType = sourcecode.swift; path = AppleSignIn_TestsUITests.swift; sourceTree = "<group>"; };
		3868C13E2AE517CE00E832B0 /* AppleSignIn_TestsUITestsLaunchTests.swift */ = {isa = PBXFileReference; lastKnownFileType = sourcecode.swift; path = AppleSignIn_TestsUITestsLaunchTests.swift; sourceTree = "<group>"; };
		3868C14B2AE51CDA00E832B0 /* AppleSignIn+Tests.entitlements */ = {isa = PBXFileReference; lastKnownFileType = text.plist.entitlements; path = "AppleSignIn+Tests.entitlements"; sourceTree = "<group>"; };
		3868C14C2AE51D0600E832B0 /* SignInScreenView.swift */ = {isa = PBXFileReference; lastKnownFileType = sourcecode.swift; path = SignInScreenView.swift; sourceTree = "<group>"; };
		3868C14E2AE51DB200E832B0 /* AuthViewModel.swift */ = {isa = PBXFileReference; lastKnownFileType = sourcecode.swift; path = AuthViewModel.swift; sourceTree = "<group>"; };
		3868C1502AE51E7B00E832B0 /* HomeScreenView.swift */ = {isa = PBXFileReference; lastKnownFileType = sourcecode.swift; path = HomeScreenView.swift; sourceTree = "<group>"; };
/* End PBXFileReference section */

/* Begin PBXFrameworksBuildPhase section */
		3868C11B2AE517CD00E832B0 /* Frameworks */ = {
			isa = PBXFrameworksBuildPhase;
			buildActionMask = 2147483647;
			files = (
			);
			runOnlyForDeploymentPostprocessing = 0;
		};
		3868C12B2AE517CE00E832B0 /* Frameworks */ = {
			isa = PBXFrameworksBuildPhase;
			buildActionMask = 2147483647;
			files = (
			);
			runOnlyForDeploymentPostprocessing = 0;
		};
		3868C1352AE517CE00E832B0 /* Frameworks */ = {
			isa = PBXFrameworksBuildPhase;
			buildActionMask = 2147483647;
			files = (
			);
			runOnlyForDeploymentPostprocessing = 0;
		};
/* End PBXFrameworksBuildPhase section */

/* Begin PBXGroup section */
		3868C1152AE517CD00E832B0 = {
			isa = PBXGroup;
			children = (
				3868C1202AE517CD00E832B0 /* AppleSignIn+Tests */,
				3868C1312AE517CE00E832B0 /* AppleSignIn+TestsTests */,
				3868C13B2AE517CE00E832B0 /* AppleSignIn+TestsUITests */,
				3868C11F2AE517CD00E832B0 /* Products */,
			);
			sourceTree = "<group>";
		};
		3868C11F2AE517CD00E832B0 /* Products */ = {
			isa = PBXGroup;
			children = (
				3868C11E2AE517CD00E832B0 /* AppleSignIn+Tests.app */,
				3868C12E2AE517CE00E832B0 /* AppleSignIn+TestsTests.xctest */,
				3868C1382AE517CE00E832B0 /* AppleSignIn+TestsUITests.xctest */,
			);
			name = Products;
			sourceTree = "<group>";
		};
		3868C1202AE517CD00E832B0 /* AppleSignIn+Tests */ = {
			isa = PBXGroup;
			children = (
				3868C14B2AE51CDA00E832B0 /* AppleSignIn+Tests.entitlements */,
				3868C1212AE517CD00E832B0 /* AppleSignIn_TestsApp.swift */,
				3868C1232AE517CD00E832B0 /* ContentView.swift */,
				3868C1502AE51E7B00E832B0 /* HomeScreenView.swift */,
				3868C14C2AE51D0600E832B0 /* SignInScreenView.swift */,
				3868C14E2AE51DB200E832B0 /* AuthViewModel.swift */,
				3868C1252AE517CE00E832B0 /* Assets.xcassets */,
				3868C1272AE517CE00E832B0 /* Preview Content */,
			);
			path = "AppleSignIn+Tests";
			sourceTree = "<group>";
		};
		3868C1272AE517CE00E832B0 /* Preview Content */ = {
			isa = PBXGroup;
			children = (
				3868C1282AE517CE00E832B0 /* Preview Assets.xcassets */,
			);
			path = "Preview Content";
			sourceTree = "<group>";
		};
		3868C1312AE517CE00E832B0 /* AppleSignIn+TestsTests */ = {
			isa = PBXGroup;
			children = (
				3868C1322AE517CE00E832B0 /* AppleSignIn_TestsTests.swift */,
			);
			path = "AppleSignIn+TestsTests";
			sourceTree = "<group>";
		};
		3868C13B2AE517CE00E832B0 /* AppleSignIn+TestsUITests */ = {
			isa = PBXGroup;
			children = (
				3868C13C2AE517CE00E832B0 /* AppleSignIn_TestsUITests.swift */,
				3868C13E2AE517CE00E832B0 /* AppleSignIn_TestsUITestsLaunchTests.swift */,
			);
			path = "AppleSignIn+TestsUITests";
			sourceTree = "<group>";
		};
/* End PBXGroup section */

/* Begin PBXNativeTarget section */
		3868C11D2AE517CD00E832B0 /* AppleSignIn+Tests */ = {
			isa = PBXNativeTarget;
			buildConfigurationList = 3868C1422AE517CE00E832B0 /* Build configuration list for PBXNativeTarget "AppleSignIn+Tests" */;
			buildPhases = (
				3868C11A2AE517CD00E832B0 /* Sources */,
				3868C11B2AE517CD00E832B0 /* Frameworks */,
				3868C11C2AE517CD00E832B0 /* Resources */,
			);
			buildRules = (
			);
			dependencies = (
			);
			name = "AppleSignIn+Tests";
			productName = "AppleSignIn+Tests";
			productReference = 3868C11E2AE517CD00E832B0 /* AppleSignIn+Tests.app */;
			productType = "com.apple.product-type.application";
		};
		3868C12D2AE517CE00E832B0 /* AppleSignIn+TestsTests */ = {
			isa = PBXNativeTarget;
			buildConfigurationList = 3868C1452AE517CE00E832B0 /* Build configuration list for PBXNativeTarget "AppleSignIn+TestsTests" */;
			buildPhases = (
				3868C12A2AE517CE00E832B0 /* Sources */,
				3868C12B2AE517CE00E832B0 /* Frameworks */,
				3868C12C2AE517CE00E832B0 /* Resources */,
			);
			buildRules = (
			);
			dependencies = (
				3868C1302AE517CE00E832B0 /* PBXTargetDependency */,
			);
			name = "AppleSignIn+TestsTests";
			productName = "AppleSignIn+TestsTests";
			productReference = 3868C12E2AE517CE00E832B0 /* AppleSignIn+TestsTests.xctest */;
			productType = "com.apple.product-type.bundle.unit-test";
		};
		3868C1372AE517CE00E832B0 /* AppleSignIn+TestsUITests */ = {
			isa = PBXNativeTarget;
			buildConfigurationList = 3868C1482AE517CE00E832B0 /* Build configuration list for PBXNativeTarget "AppleSignIn+TestsUITests" */;
			buildPhases = (
				3868C1342AE517CE00E832B0 /* Sources */,
				3868C1352AE517CE00E832B0 /* Frameworks */,
				3868C1362AE517CE00E832B0 /* Resources */,
			);
			buildRules = (
			);
			dependencies = (
				3868C13A2AE517CE00E832B0 /* PBXTargetDependency */,
			);
			name = "AppleSignIn+TestsUITests";
			productName = "AppleSignIn+TestsUITests";
			productReference = 3868C1382AE517CE00E832B0 /* AppleSignIn+TestsUITests.xctest */;
			productType = "com.apple.product-type.bundle.ui-testing";
		};
/* End PBXNativeTarget section */

/* Begin PBXProject section */
		3868C1162AE517CD00E832B0 /* Project object */ = {
			isa = PBXProject;
			attributes = {
				BuildIndependentTargetsInParallel = 1;
				LastSwiftUpdateCheck = 1500;
				LastUpgradeCheck = 1500;
				TargetAttributes = {
					3868C11D2AE517CD00E832B0 = {
						CreatedOnToolsVersion = 15.0;
					};
					3868C12D2AE517CE00E832B0 = {
						CreatedOnToolsVersion = 15.0;
						TestTargetID = 3868C11D2AE517CD00E832B0;
					};
					3868C1372AE517CE00E832B0 = {
						CreatedOnToolsVersion = 15.0;
						TestTargetID = 3868C11D2AE517CD00E832B0;
					};
				};
			};
			buildConfigurationList = 3868C1192AE517CD00E832B0 /* Build configuration list for PBXProject "AppleSignIn+Tests" */;
			compatibilityVersion = "Xcode 14.0";
			developmentRegion = en;
			hasScannedForEncodings = 0;
			knownRegions = (
				en,
				Base,
			);
			mainGroup = 3868C1152AE517CD00E832B0;
			productRefGroup = 3868C11F2AE517CD00E832B0 /* Products */;
			projectDirPath = "";
			projectRoot = "";
			targets = (
				3868C11D2AE517CD00E832B0 /* AppleSignIn+Tests */,
				3868C12D2AE517CE00E832B0 /* AppleSignIn+TestsTests */,
				3868C1372AE517CE00E832B0 /* AppleSignIn+TestsUITests */,
			);
		};
/* End PBXProject section */

/* Begin PBXResourcesBuildPhase section */
		3868C11C2AE517CD00E832B0 /* Resources */ = {
			isa = PBXResourcesBuildPhase;
			buildActionMask = 2147483647;
			files = (
				3868C1292AE517CE00E832B0 /* Preview Assets.xcassets in Resources */,
				3868C1262AE517CE00E832B0 /* Assets.xcassets in Resources */,
			);
			runOnlyForDeploymentPostprocessing = 0;
		};
		3868C12C2AE517CE00E832B0 /* Resources */ = {
			isa = PBXResourcesBuildPhase;
			buildActionMask = 2147483647;
			files = (
			);
			runOnlyForDeploymentPostprocessing = 0;
		};
		3868C1362AE517CE00E832B0 /* Resources */ = {
			isa = PBXResourcesBuildPhase;
			buildActionMask = 2147483647;
			files = (
			);
			runOnlyForDeploymentPostprocessing = 0;
		};
/* End PBXResourcesBuildPhase section */

/* Begin PBXSourcesBuildPhase section */
		3868C11A2AE517CD00E832B0 /* Sources */ = {
			isa = PBXSourcesBuildPhase;
			buildActionMask = 2147483647;
			files = (
				3868C14F2AE51DB200E832B0 /* AuthViewModel.swift in Sources */,
				3868C1242AE517CD00E832B0 /* ContentView.swift in Sources */,
				3868C1512AE51E7B00E832B0 /* HomeScreenView.swift in Sources */,
				3868C14D2AE51D0600E832B0 /* SignInScreenView.swift in Sources */,
				3868C1222AE517CD00E832B0 /* AppleSignIn_TestsApp.swift in Sources */,
			);
			runOnlyForDeploymentPostprocessing = 0;
		};
		3868C12A2AE517CE00E832B0 /* Sources */ = {
			isa = PBXSourcesBuildPhase;
			buildActionMask = 2147483647;
			files = (
				3868C1332AE517CE00E832B0 /* AppleSignIn_TestsTests.swift in Sources */,
			);
			runOnlyForDeploymentPostprocessing = 0;
		};
		3868C1342AE517CE00E832B0 /* Sources */ = {
			isa = PBXSourcesBuildPhase;
			buildActionMask = 2147483647;
			files = (
				3868C13D2AE517CE00E832B0 /* AppleSignIn_TestsUITests.swift in Sources */,
				3868C13F2AE517CE00E832B0 /* AppleSignIn_TestsUITestsLaunchTests.swift in Sources */,
			);
			runOnlyForDeploymentPostprocessing = 0;
		};
/* End PBXSourcesBuildPhase section */

/* Begin PBXTargetDependency section */
		3868C1302AE517CE00E832B0 /* PBXTargetDependency */ = {
			isa = PBXTargetDependency;
			target = 3868C11D2AE517CD00E832B0 /* AppleSignIn+Tests */;
			targetProxy = 3868C12F2AE517CE00E832B0 /* PBXContainerItemProxy */;
		};
		3868C13A2AE517CE00E832B0 /* PBXTargetDependency */ = {
			isa = PBXTargetDependency;
			target = 3868C11D2AE517CD00E832B0 /* AppleSignIn+Tests */;
			targetProxy = 3868C1392AE517CE00E832B0 /* PBXContainerItemProxy */;
		};
/* End PBXTargetDependency section */

/* Begin XCBuildConfiguration section */
		3868C1402AE517CE00E832B0 /* Debug */ = {
			isa = XCBuildConfiguration;
			buildSettings = {
				ALWAYS_SEARCH_USER_PATHS = NO;
				ASSETCATALOG_COMPILER_GENERATE_SWIFT_ASSET_SYMBOL_EXTENSIONS = YES;
				CLANG_ANALYZER_NONNULL = YES;
				CLANG_ANALYZER_NUMBER_OBJECT_CONVERSION = YES_AGGRESSIVE;
				CLANG_CXX_LANGUAGE_STANDARD = "gnu++20";
				CLANG_ENABLE_MODULES = YES;
				CLANG_ENABLE_OBJC_ARC = YES;
				CLANG_ENABLE_OBJC_WEAK = YES;
				CLANG_WARN_BLOCK_CAPTURE_AUTORELEASING = YES;
				CLANG_WARN_BOOL_CONVERSION = YES;
				CLANG_WARN_COMMA = YES;
				CLANG_WARN_CONSTANT_CONVERSION = YES;
				CLANG_WARN_DEPRECATED_OBJC_IMPLEMENTATIONS = YES;
				CLANG_WARN_DIRECT_OBJC_ISA_USAGE = YES_ERROR;
				CLANG_WARN_DOCUMENTATION_COMMENTS = YES;
				CLANG_WARN_EMPTY_BODY = YES;
				CLANG_WARN_ENUM_CONVERSION = YES;
				CLANG_WARN_INFINITE_RECURSION = YES;
				CLANG_WARN_INT_CONVERSION = YES;
				CLANG_WARN_NON_LITERAL_NULL_CONVERSION = YES;
				CLANG_WARN_OBJC_IMPLICIT_RETAIN_SELF = YES;
				CLANG_WARN_OBJC_LITERAL_CONVERSION = YES;
				CLANG_WARN_OBJC_ROOT_CLASS = YES_ERROR;
				CLANG_WARN_QUOTED_INCLUDE_IN_FRAMEWORK_HEADER = YES;
				CLANG_WARN_RANGE_LOOP_ANALYSIS = YES;
				CLANG_WARN_STRICT_PROTOTYPES = YES;
				CLANG_WARN_SUSPICIOUS_MOVE = YES;
				CLANG_WARN_UNGUARDED_AVAILABILITY = YES_AGGRESSIVE;
				CLANG_WARN_UNREACHABLE_CODE = YES;
				CLANG_WARN__DUPLICATE_METHOD_MATCH = YES;
				COPY_PHASE_STRIP = NO;
				DEBUG_INFORMATION_FORMAT = dwarf;
				ENABLE_STRICT_OBJC_MSGSEND = YES;
				ENABLE_TESTABILITY = YES;
				ENABLE_USER_SCRIPT_SANDBOXING = YES;
				GCC_C_LANGUAGE_STANDARD = gnu17;
				GCC_DYNAMIC_NO_PIC = NO;
				GCC_NO_COMMON_BLOCKS = YES;
				GCC_OPTIMIZATION_LEVEL = 0;
				GCC_PREPROCESSOR_DEFINITIONS = (
					"DEBUG=1",
					"$(inherited)",
				);
				GCC_WARN_64_TO_32_BIT_CONVERSION = YES;
				GCC_WARN_ABOUT_RETURN_TYPE = YES_ERROR;
				GCC_WARN_UNDECLARED_SELECTOR = YES;
				GCC_WARN_UNINITIALIZED_AUTOS = YES_AGGRESSIVE;
				GCC_WARN_UNUSED_FUNCTION = YES;
				GCC_WARN_UNUSED_VARIABLE = YES;
				IPHONEOS_DEPLOYMENT_TARGET = 17.0;
				LOCALIZATION_PREFERS_STRING_CATALOGS = YES;
				MTL_ENABLE_DEBUG_INFO = INCLUDE_SOURCE;
				MTL_FAST_MATH = YES;
				ONLY_ACTIVE_ARCH = YES;
				SDKROOT = iphoneos;
				SWIFT_ACTIVE_COMPILATION_CONDITIONS = "DEBUG $(inherited)";
				SWIFT_OPTIMIZATION_LEVEL = "-Onone";
			};
			name = Debug;
		};
		3868C1412AE517CE00E832B0 /* Release */ = {
			isa = XCBuildConfiguration;
			buildSettings = {
				ALWAYS_SEARCH_USER_PATHS = NO;
				ASSETCATALOG_COMPILER_GENERATE_SWIFT_ASSET_SYMBOL_EXTENSIONS = YES;
				CLANG_ANALYZER_NONNULL = YES;
				CLANG_ANALYZER_NUMBER_OBJECT_CONVERSION = YES_AGGRESSIVE;
				CLANG_CXX_LANGUAGE_STANDARD = "gnu++20";
				CLANG_ENABLE_MODULES = YES;
				CLANG_ENABLE_OBJC_ARC = YES;
				CLANG_ENABLE_OBJC_WEAK = YES;
				CLANG_WARN_BLOCK_CAPTURE_AUTORELEASING = YES;
				CLANG_WARN_BOOL_CONVERSION = YES;
				CLANG_WARN_COMMA = YES;
				CLANG_WARN_CONSTANT_CONVERSION = YES;
				CLANG_WARN_DEPRECATED_OBJC_IMPLEMENTATIONS = YES;
				CLANG_WARN_DIRECT_OBJC_ISA_USAGE = YES_ERROR;
				CLANG_WARN_DOCUMENTATION_COMMENTS = YES;
				CLANG_WARN_EMPTY_BODY = YES;
				CLANG_WARN_ENUM_CONVERSION = YES;
				CLANG_WARN_INFINITE_RECURSION = YES;
				CLANG_WARN_INT_CONVERSION = YES;
				CLANG_WARN_NON_LITERAL_NULL_CONVERSION = YES;
				CLANG_WARN_OBJC_IMPLICIT_RETAIN_SELF = YES;
				CLANG_WARN_OBJC_LITERAL_CONVERSION = YES;
				CLANG_WARN_OBJC_ROOT_CLASS = YES_ERROR;
				CLANG_WARN_QUOTED_INCLUDE_IN_FRAMEWORK_HEADER = YES;
				CLANG_WARN_RANGE_LOOP_ANALYSIS = YES;
				CLANG_WARN_STRICT_PROTOTYPES = YES;
				CLANG_WARN_SUSPICIOUS_MOVE = YES;
				CLANG_WARN_UNGUARDED_AVAILABILITY = YES_AGGRESSIVE;
				CLANG_WARN_UNREACHABLE_CODE = YES;
				CLANG_WARN__DUPLICATE_METHOD_MATCH = YES;
				COPY_PHASE_STRIP = NO;
				DEBUG_INFORMATION_FORMAT = "dwarf-with-dsym";
				ENABLE_NS_ASSERTIONS = NO;
				ENABLE_STRICT_OBJC_MSGSEND = YES;
				ENABLE_USER_SCRIPT_SANDBOXING = YES;
				GCC_C_LANGUAGE_STANDARD = gnu17;
				GCC_NO_COMMON_BLOCKS = YES;
				GCC_WARN_64_TO_32_BIT_CONVERSION = YES;
				GCC_WARN_ABOUT_RETURN_TYPE = YES_ERROR;
				GCC_WARN_UNDECLARED_SELECTOR = YES;
				GCC_WARN_UNINITIALIZED_AUTOS = YES_AGGRESSIVE;
				GCC_WARN_UNUSED_FUNCTION = YES;
				GCC_WARN_UNUSED_VARIABLE = YES;
				IPHONEOS_DEPLOYMENT_TARGET = 17.0;
				LOCALIZATION_PREFERS_STRING_CATALOGS = YES;
				MTL_ENABLE_DEBUG_INFO = NO;
				MTL_FAST_MATH = YES;
				SDKROOT = iphoneos;
				SWIFT_COMPILATION_MODE = wholemodule;
				VALIDATE_PRODUCT = YES;
			};
			name = Release;
		};
		3868C1432AE517CE00E832B0 /* Debug */ = {
			isa = XCBuildConfiguration;
			buildSettings = {
				ASSETCATALOG_COMPILER_APPICON_NAME = AppIcon;
				ASSETCATALOG_COMPILER_GLOBAL_ACCENT_COLOR_NAME = AccentColor;
				CODE_SIGN_ENTITLEMENTS = "AppleSignIn+Tests/AppleSignIn+Tests.entitlements";
				CODE_SIGN_STYLE = Automatic;
				CURRENT_PROJECT_VERSION = 1;
				DEVELOPMENT_ASSET_PATHS = "\"AppleSignIn+Tests/Preview Content\"";
				DEVELOPMENT_TEAM = T84FHM7BL8;
				ENABLE_PREVIEWS = YES;
				GENERATE_INFOPLIST_FILE = YES;
				INFOPLIST_KEY_UIApplicationSceneManifest_Generation = YES;
				INFOPLIST_KEY_UIApplicationSupportsIndirectInputEvents = YES;
				INFOPLIST_KEY_UILaunchScreen_Generation = YES;
				INFOPLIST_KEY_UISupportedInterfaceOrientations_iPad = "UIInterfaceOrientationPortrait UIInterfaceOrientationPortraitUpsideDown UIInterfaceOrientationLandscapeLeft UIInterfaceOrientationLandscapeRight";
				INFOPLIST_KEY_UISupportedInterfaceOrientations_iPhone = "UIInterfaceOrientationPortrait UIInterfaceOrientationLandscapeLeft UIInterfaceOrientationLandscapeRight";
				LD_RUNPATH_SEARCH_PATHS = (
					"$(inherited)",
					"@executable_path/Frameworks",
				);
				MARKETING_VERSION = 1.0;
				PRODUCT_BUNDLE_IDENTIFIER = "info.ardyan.AppleSignIn-Tests";
				PRODUCT_NAME = "$(TARGET_NAME)";
				SUPPORTED_PLATFORMS = "iphoneos iphonesimulator";
				SUPPORTS_MACCATALYST = NO;
				SUPPORTS_MAC_DESIGNED_FOR_IPHONE_IPAD = NO;
				SWIFT_EMIT_LOC_STRINGS = YES;
				SWIFT_VERSION = 5.0;
				TARGETED_DEVICE_FAMILY = 1;
			};
			name = Debug;
		};
		3868C1442AE517CE00E832B0 /* Release */ = {
			isa = XCBuildConfiguration;
			buildSettings = {
				ASSETCATALOG_COMPILER_APPICON_NAME = AppIcon;
				ASSETCATALOG_COMPILER_GLOBAL_ACCENT_COLOR_NAME = AccentColor;
				CODE_SIGN_ENTITLEMENTS = "AppleSignIn+Tests/AppleSignIn+Tests.entitlements";
				CODE_SIGN_STYLE = Automatic;
				CURRENT_PROJECT_VERSION = 1;
				DEVELOPMENT_ASSET_PATHS = "\"AppleSignIn+Tests/Preview Content\"";
				DEVELOPMENT_TEAM = T84FHM7BL8;
				ENABLE_PREVIEWS = YES;
				GENERATE_INFOPLIST_FILE = YES;
				INFOPLIST_KEY_UIApplicationSceneManifest_Generation = YES;
				INFOPLIST_KEY_UIApplicationSupportsIndirectInputEvents = YES;
				INFOPLIST_KEY_UILaunchScreen_Generation = YES;
				INFOPLIST_KEY_UISupportedInterfaceOrientations_iPad = "UIInterfaceOrientationPortrait UIInterfaceOrientationPortraitUpsideDown UIInterfaceOrientationLandscapeLeft UIInterfaceOrientationLandscapeRight";
				INFOPLIST_KEY_UISupportedInterfaceOrientations_iPhone = "UIInterfaceOrientationPortrait UIInterfaceOrientationLandscapeLeft UIInterfaceOrientationLandscapeRight";
				LD_RUNPATH_SEARCH_PATHS = (
					"$(inherited)",
					"@executable_path/Frameworks",
				);
				MARKETING_VERSION = 1.0;
				PRODUCT_BUNDLE_IDENTIFIER = "info.ardyan.AppleSignIn-Tests";
				PRODUCT_NAME = "$(TARGET_NAME)";
				SUPPORTED_PLATFORMS = "iphoneos iphonesimulator";
				SUPPORTS_MACCATALYST = NO;
				SUPPORTS_MAC_DESIGNED_FOR_IPHONE_IPAD = NO;
				SWIFT_EMIT_LOC_STRINGS = YES;
				SWIFT_VERSION = 5.0;
				TARGETED_DEVICE_FAMILY = 1;
			};
			name = Release;
		};
		3868C1462AE517CE00E832B0 /* Debug */ = {
			isa = XCBuildConfiguration;
			buildSettings = {
				ALWAYS_EMBED_SWIFT_STANDARD_LIBRARIES = YES;
				BUNDLE_LOADER = "$(TEST_HOST)";
				CODE_SIGN_STYLE = Automatic;
				CURRENT_PROJECT_VERSION = 1;
				DEVELOPMENT_TEAM = T84FHM7BL8;
				GENERATE_INFOPLIST_FILE = YES;
				IPHONEOS_DEPLOYMENT_TARGET = 17.0;
				MARKETING_VERSION = 1.0;
				PRODUCT_BUNDLE_IDENTIFIER = "info.ardyan.AppleSignIn-TestsTests";
				PRODUCT_NAME = "$(TARGET_NAME)";
				SWIFT_EMIT_LOC_STRINGS = NO;
				SWIFT_VERSION = 5.0;
				TARGETED_DEVICE_FAMILY = "1,2";
				TEST_HOST = "$(BUILT_PRODUCTS_DIR)/AppleSignIn+Tests.app/$(BUNDLE_EXECUTABLE_FOLDER_PATH)/AppleSignIn+Tests";
			};
			name = Debug;
		};
		3868C1472AE517CE00E832B0 /* Release */ = {
			isa = XCBuildConfiguration;
			buildSettings = {
				ALWAYS_EMBED_SWIFT_STANDARD_LIBRARIES = YES;
				BUNDLE_LOADER = "$(TEST_HOST)";
				CODE_SIGN_STYLE = Automatic;
				CURRENT_PROJECT_VERSION = 1;
				DEVELOPMENT_TEAM = T84FHM7BL8;
				GENERATE_INFOPLIST_FILE = YES;
				IPHONEOS_DEPLOYMENT_TARGET = 17.0;
				MARKETING_VERSION = 1.0;
				PRODUCT_BUNDLE_IDENTIFIER = "info.ardyan.AppleSignIn-TestsTests";
				PRODUCT_NAME = "$(TARGET_NAME)";
				SWIFT_EMIT_LOC_STRINGS = NO;
				SWIFT_VERSION = 5.0;
				TARGETED_DEVICE_FAMILY = "1,2";
				TEST_HOST = "$(BUILT_PRODUCTS_DIR)/AppleSignIn+Tests.app/$(BUNDLE_EXECUTABLE_FOLDER_PATH)/AppleSignIn+Tests";
			};
			name = Release;
		};
		3868C1492AE517CE00E832B0 /* Debug */ = {
			isa = XCBuildConfiguration;
			buildSettings = {
				ALWAYS_EMBED_SWIFT_STANDARD_LIBRARIES = YES;
				CODE_SIGN_STYLE = Automatic;
				CURRENT_PROJECT_VERSION = 1;
				DEVELOPMENT_TEAM = T84FHM7BL8;
				GENERATE_INFOPLIST_FILE = YES;
				MARKETING_VERSION = 1.0;
				PRODUCT_BUNDLE_IDENTIFIER = "info.ardyan.AppleSignIn-TestsUITests";
				PRODUCT_NAME = "$(TARGET_NAME)";
				SWIFT_EMIT_LOC_STRINGS = NO;
				SWIFT_VERSION = 5.0;
				TARGETED_DEVICE_FAMILY = "1,2";
				TEST_TARGET_NAME = "AppleSignIn+Tests";
			};
			name = Debug;
		};
		3868C14A2AE517CE00E832B0 /* Release */ = {
			isa = XCBuildConfiguration;
			buildSettings = {
				ALWAYS_EMBED_SWIFT_STANDARD_LIBRARIES = YES;
				CODE_SIGN_STYLE = Automatic;
				CURRENT_PROJECT_VERSION = 1;
				DEVELOPMENT_TEAM = T84FHM7BL8;
				GENERATE_INFOPLIST_FILE = YES;
				MARKETING_VERSION = 1.0;
				PRODUCT_BUNDLE_IDENTIFIER = "info.ardyan.AppleSignIn-TestsUITests";
				PRODUCT_NAME = "$(TARGET_NAME)";
				SWIFT_EMIT_LOC_STRINGS = NO;
				SWIFT_VERSION = 5.0;
				TARGETED_DEVICE_FAMILY = "1,2";
				TEST_TARGET_NAME = "AppleSignIn+Tests";
			};
			name = Release;
		};
/* End XCBuildConfiguration section */

/* Begin XCConfigurationList section */
		3868C1192AE517CD00E832B0 /* Build configuration list for PBXProject "AppleSignIn+Tests" */ = {
			isa = XCConfigurationList;
			buildConfigurations = (
				3868C1402AE517CE00E832B0 /* Debug */,
				3868C1412AE517CE00E832B0 /* Release */,
			);
			defaultConfigurationIsVisible = 0;
			defaultConfigurationName = Release;
		};
		3868C1422AE517CE00E832B0 /* Build configuration list for PBXNativeTarget "AppleSignIn+Tests" */ = {
			isa = XCConfigurationList;
			buildConfigurations = (
				3868C1432AE517CE00E832B0 /* Debug */,
				3868C1442AE517CE00E832B0 /* Release */,
			);
			defaultConfigurationIsVisible = 0;
			defaultConfigurationName = Release;
		};
		3868C1452AE517CE00E832B0 /* Build configuration list for PBXNativeTarget "AppleSignIn+TestsTests" */ = {
			isa = XCConfigurationList;
			buildConfigurations = (
				3868C1462AE517CE00E832B0 /* Debug */,
				3868C1472AE517CE00E832B0 /* Release */,
			);
			defaultConfigurationIsVisible = 0;
			defaultConfigurationName = Release;
		};
		3868C1482AE517CE00E832B0 /* Build configuration list for PBXNativeTarget "AppleSignIn+TestsUITests" */ = {
			isa = XCConfigurationList;
			buildConfigurations = (
				3868C1492AE517CE00E832B0 /* Debug */,
				3868C14A2AE517CE00E832B0 /* Release */,
			);
			defaultConfigurationIsVisible = 0;
			defaultConfigurationName = Release;
		};
/* End XCConfigurationList section */
	};
	rootObject = 3868C1162AE517CD00E832B0 /* Project object */;
}
